
Microsoft Visual Studio Solution File, Format Version 12.00
# Visual Studio Version 16
VisualStudioVersion = 16.0.29613.14
MinimumVisualStudioVersion = 10.0.40219.1
Project("{FAE04EC0-301F-11D3-BF4B-00C04F79EFBC}") = "MyNote.API", "MyNote.API\MyNote.API.csproj", "{15CACBE2-1D8A-445F-833E-E62E1FD6ED49}"
EndProject
Project("{FAE04EC0-301F-11D3-BF4B-00C04F79EFBC}") = "MyNote.UI", "MyNote.UI\MyNote.UI.csproj", "{4E9F24C8-25CC-4D9C-8F16-DF88932472EA}"
EndProject
Global
	GlobalSection(SolutionConfigurationPlatforms) = preSolution
		Debug|Any CPU = Debug|Any CPU
		Release|Any CPU = Release|Any CPU
	EndGlobalSection
	GlobalSection(ProjectConfigurationPlatforms) = postSolution
		{15CACBE2-1D8A-445F-833E-E62E1FD6ED49}.Debug|Any CPU.ActiveCfg = Debug|Any CPU
		{15CACBE2-1D8A-445F-833E-E62E1FD6ED49}.Debug|Any CPU.Build.0 = Debug|Any CPU
		{15CACBE2-1D8A-445F-833E-E62E1FD6ED49}.Release|Any CPU.ActiveCfg = Release|Any CPU
		{15CACBE2-1D8A-445F-833E-E62E1FD6ED49}.Release|Any CPU.Build.0 = Release|Any CPU
		{4E9F24C8-25CC-4D9C-8F16-DF88932472EA}.Debug|Any CPU.ActiveCfg = Debug|Any CPU
		{4E9F24C8-25CC-4D9C-8F16-DF88932472EA}.Debug|Any CPU.Build.0 = Debug|Any CPU
		{4E9F24C8-25CC-4D9C-8F16-DF88932472EA}.Release|Any CPU.ActiveCfg = Release|Any CPU
		{4E9F24C8-25CC-4D9C-8F16-DF88932472EA}.Release|Any CPU.Build.0 = Release|Any CPU
	EndGlobalSection
	GlobalSection(SolutionProperties) = preSolution
		HideSolutionNode = FALSE
	EndGlobalSection
	GlobalSection(ExtensibilityGlobals) = postSolution
		SolutionGuid = {C1A4F587-A937-463E-82E4-93E0309656B9}
	EndGlobalSection
EndGlobal
